// !$*UTF8*$!
{
	archiveVersion = 1;
	classes = {
	};
	objectVersion = 77;
	objects = {

/* Begin PBXBuildFile section */
		A9DEB6012E741D090024A4A4 /* Assets.xcassets in Resources */ = {isa = PBXBuildFile; fileRef = A9DEB5FC2E741D090024A4A4 /* Assets.xcassets */; };
		A9DEB6022E741D090024A4A4 /* ContentView.swift in Sources */ = {isa = PBXBuildFile; fileRef = A9DEB5FD2E741D090024A4A4 /* ContentView.swift */; };
		A9DEB6032E741D090024A4A4 /* ModelDrawApp.swift in Sources */ = {isa = PBXBuildFile; fileRef = A9DEB5FF2E741D090024A4A4 /* ModelDrawApp.swift */; };
		A9DEB6052E741D2B0024A4A4 /* ViewModel.swift in Sources */ = {isa = PBXBuildFile; fileRef = A9DEB6042E741D1D0024A4A4 /* ViewModel.swift */; };
		A9DEB60A2E7448BF0024A4A4 /* modeldraw_dev_spec_v0.15.md in Resources */ = {isa = PBXBuildFile; fileRef = A9DEB6092E7448BF0024A4A4 /* modeldraw_dev_spec_v0.15.md */; };
		A9DEB60C2E747AA60024A4A4 /* GeometricPrimitives.swift in Sources */ = {isa = PBXBuildFile; fileRef = A9DEB60B2E747A950024A4A4 /* GeometricPrimitives.swift */; };
/* End PBXBuildFile section */

/* Begin PBXFileReference section */
		A9DEB5ED2E741B8D0024A4A4 /* ModelDraw.app */ = {isa = PBXFileReference; explicitFileType = wrapper.application; includeInIndex = 0; path = ModelDraw.app; sourceTree = BUILT_PRODUCTS_DIR; };
		A9DEB5FC2E741D090024A4A4 /* Assets.xcassets */ = {isa = PBXFileReference; lastKnownFileType = folder.assetcatalog; path = Assets.xcassets; sourceTree = "<group>"; };
		A9DEB5FD2E741D090024A4A4 /* ContentView.swift */ = {isa = PBXFileReference; lastKnownFileType = sourcecode.swift; path = ContentView.swift; sourceTree = "<group>"; };
		A9DEB5FE2E741D090024A4A4 /* ModelDraw.entitlements */ = {isa = PBXFileReference; lastKnownFileType = text.plist.entitlements; path = ModelDraw.entitlements; sourceTree = "<group>"; };
		A9DEB5FF2E741D090024A4A4 /* ModelDrawApp.swift */ = {isa = PBXFileReference; lastKnownFileType = sourcecode.swift; path = ModelDrawApp.swift; sourceTree = "<group>"; };
		A9DEB6042E741D1D0024A4A4 /* ViewModel.swift */ = {isa = PBXFileReference; lastKnownFileType = sourcecode.swift; path = ViewModel.swift; sourceTree = "<group>"; };
		A9DEB6092E7448BF0024A4A4 /* modeldraw_dev_spec_v0.15.md */ = {isa = PBXFileReference; lastKnownFileType = net.daringfireball.markdown; path = modeldraw_dev_spec_v0.15.md; sourceTree = "<group>"; };
		A9DEB60B2E747A950024A4A4 /* GeometricPrimitives.swift */ = {isa = PBXFileReference; lastKnownFileType = sourcecode.swift; path = GeometricPrimitives.swift; sourceTree = "<group>"; };
/* End PBXFileReference section */

/* Begin PBXFrameworksBuildPhase section */
		A9DEB5EA2E741B8D0024A4A4 /* Frameworks */ = {
			isa = PBXFrameworksBuildPhase;
			buildActionMask = 2147483647;
			files = (
			);
			runOnlyForDeploymentPostprocessing = 0;
		};
/* End PBXFrameworksBuildPhase section */

/* Begin PBXGroup section */
		A9DEB5E42E741B8D0024A4A4 = {
			isa = PBXGroup;
			children = (
				A9DEB6002E741D090024A4A4 /* ModelDraw */,
				A9DEB5EE2E741B8D0024A4A4 /* Products */,
			);
			sourceTree = "<group>";
		};
		A9DEB5EE2E741B8D0024A4A4 /* Products */ = {
			isa = PBXGroup;
			children = (
				A9DEB5ED2E741B8D0024A4A4 /* ModelDraw.app */,
			);
			name = Products;
			sourceTree = "<group>";
		};
		A9DEB6002E741D090024A4A4 /* ModelDraw */ = {
			isa = PBXGroup;
			children = (
				A9DEB6062E741D300024A4A4 /* Specs */,
				A9DEB5FF2E741D090024A4A4 /* ModelDrawApp.swift */,
				A9DEB6042E741D1D0024A4A4 /* ViewModel.swift */,
				A9DEB60D2E747AB00024A4A4 /* Drawing Primitives */,
				A9DEB5FC2E741D090024A4A4 /* Assets.xcassets */,
				A9DEB5FD2E741D090024A4A4 /* ContentView.swift */,
				A9DEB5FE2E741D090024A4A4 /* ModelDraw.entitlements */,
			);
			path = ModelDraw;
			sourceTree = "<group>";
		};
		A9DEB6062E741D300024A4A4 /* Specs */ = {
			isa = PBXGroup;
			children = (
				A9DEB6092E7448BF0024A4A4 /* modeldraw_dev_spec_v0.15.md */,
			);
			path = Specs;
			sourceTree = "<group>";
		};
		A9DEB60D2E747AB00024A4A4 /* Drawing Primitives */ = {
			isa = PBXGroup;
			children = (
				A9DEB60B2E747A950024A4A4 /* GeometricPrimitives.swift */,
			);
			path = "Drawing Primitives";
			sourceTree = "<group>";
		};
/* End PBXGroup section */

/* Begin PBXNativeTarget section */
		A9DEB5EC2E741B8D0024A4A4 /* ModelDraw */ = {
			isa = PBXNativeTarget;
			buildConfigurationList = A9DEB5F92E741B8F0024A4A4 /* Build configuration list for PBXNativeTarget "ModelDraw" */;
			buildPhases = (
				A9DEB5E92E741B8D0024A4A4 /* Sources */,
				A9DEB5EA2E741B8D0024A4A4 /* Frameworks */,
				A9DEB5EB2E741B8D0024A4A4 /* Resources */,
			);
			buildRules = (
			);
			dependencies = (
			);
			name = ModelDraw;
			packageProductDependencies = (
			);
			productName = ModelDraw;
			productReference = A9DEB5ED2E741B8D0024A4A4 /* ModelDraw.app */;
			productType = "com.apple.product-type.application";
		};
/* End PBXNativeTarget section */

/* Begin PBXProject section */
		A9DEB5E52E741B8D0024A4A4 /* Project object */ = {
			isa = PBXProject;
			attributes = {
				BuildIndependentTargetsInParallel = 1;
				LastSwiftUpdateCheck = 1640;
				LastUpgradeCheck = 1640;
				TargetAttributes = {
					A9DEB5EC2E741B8D0024A4A4 = {
						CreatedOnToolsVersion = 16.4;
					};
				};
			};
			buildConfigurationList = A9DEB5E82E741B8D0024A4A4 /* Build configuration list for PBXProject "ModelDraw" */;
			developmentRegion = en;
			hasScannedForEncodings = 0;
			knownRegions = (
				en,
				Base,
			);
			mainGroup = A9DEB5E42E741B8D0024A4A4;
			minimizedProjectReferenceProxies = 1;
			preferredProjectObjectVersion = 77;
			productRefGroup = A9DEB5EE2E741B8D0024A4A4 /* Products */;
			projectDirPath = "";
			projectRoot = "";
			targets = (
				A9DEB5EC2E741B8D0024A4A4 /* ModelDraw */,
			);
		};
/* End PBXProject section */

/* Begin PBXResourcesBuildPhase section */
		A9DEB5EB2E741B8D0024A4A4 /* Resources */ = {
			isa = PBXResourcesBuildPhase;
			buildActionMask = 2147483647;
			files = (
				A9DEB60A2E7448BF0024A4A4 /* modeldraw_dev_spec_v0.15.md in Resources */,
				A9DEB6012E741D090024A4A4 /* Assets.xcassets in Resources */,
			);
			runOnlyForDeploymentPostprocessing = 0;
		};
/* End PBXResourcesBuildPhase section */

/* Begin PBXSourcesBuildPhase section */
		A9DEB5E92E741B8D0024A4A4 /* Sources */ = {
			isa = PBXSourcesBuildPhase;
			buildActionMask = 2147483647;
			files = (
				A9DEB6052E741D2B0024A4A4 /* ViewModel.swift in Sources */,
				A9DEB6022E741D090024A4A4 /* ContentView.swift in Sources */,
				A9DEB6032E741D090024A4A4 /* ModelDrawApp.swift in Sources */,
				A9DEB60C2E747AA60024A4A4 /* GeometricPrimitives.swift in Sources */,
			);
			runOnlyForDeploymentPostprocessing = 0;
		};
/* End PBXSourcesBuildPhase section */

/* Begin XCBuildConfiguration section */
		A9DEB5F72E741B8F0024A4A4 /* Debug */ = {
			isa = XCBuildConfiguration;
			buildSettings = {
				ALWAYS_SEARCH_USER_PATHS = NO;
				ASSETCATALOG_COMPILER_GENERATE_SWIFT_ASSET_SYMBOL_EXTENSIONS = YES;
				CLANG_ANALYZER_NONNULL = YES;
				CLANG_ANALYZER_NUMBER_OBJECT_CONVERSION = YES_AGGRESSIVE;
				CLANG_CXX_LANGUAGE_STANDARD = "gnu++20";
				CLANG_ENABLE_MODULES = YES;
				CLANG_ENABLE_OBJC_ARC = YES;
				CLANG_ENABLE_OBJC_WEAK = YES;
				CLANG_WARN_BLOCK_CAPTURE_AUTORELEASING = YES;
				CLANG_WARN_BOOL_CONVERSION = YES;
				CLANG_WARN_COMMA = YES;
				CLANG_WARN_CONSTANT_CONVERSION = YES;
				CLANG_WARN_DEPRECATED_OBJC_IMPLEMENTATIONS = YES;
				CLANG_WARN_DIRECT_OBJC_ISA_USAGE = YES_ERROR;
				CLANG_WARN_DOCUMENTATION_COMMENTS = YES;
				CLANG_WARN_EMPTY_BODY = YES;
				CLANG_WARN_ENUM_CONVERSION = YES;
				CLANG_WARN_INFINITE_RECURSION = YES;
				CLANG_WARN_INT_CONVERSION = YES;
				CLANG_WARN_NON_LITERAL_NULL_CONVERSION = YES;
				CLANG_WARN_OBJC_IMPLICIT_RETAIN_SELF = YES;
				CLANG_WARN_OBJC_LITERAL_CONVERSION = YES;
				CLANG_WARN_OBJC_ROOT_CLASS = YES_ERROR;
				CLANG_WARN_QUOTED_INCLUDE_IN_FRAMEWORK_HEADER = YES;
				CLANG_WARN_RANGE_LOOP_ANALYSIS = YES;
				CLANG_WARN_STRICT_PROTOTYPES = YES;
				CLANG_WARN_SUSPICIOUS_MOVE = YES;
				CLANG_WARN_UNGUARDED_AVAILABILITY = YES_AGGRESSIVE;
				CLANG_WARN_UNREACHABLE_CODE = YES;
				CLANG_WARN__DUPLICATE_METHOD_MATCH = YES;
				COPY_PHASE_STRIP = NO;
				DEBUG_INFORMATION_FORMAT = dwarf;
				DEVELOPMENT_TEAM = U64PBHL7K6;
				ENABLE_STRICT_OBJC_MSGSEND = YES;
				ENABLE_TESTABILITY = YES;
				ENABLE_USER_SCRIPT_SANDBOXING = YES;
				GCC_C_LANGUAGE_STANDARD = gnu17;
				GCC_DYNAMIC_NO_PIC = NO;
				GCC_NO_COMMON_BLOCKS = YES;
				GCC_OPTIMIZATION_LEVEL = 0;
				GCC_PREPROCESSOR_DEFINITIONS = (
					"DEBUG=1",
					"$(inherited)",
				);
				GCC_WARN_64_TO_32_BIT_CONVERSION = YES;
				GCC_WARN_ABOUT_RETURN_TYPE = YES_ERROR;
				GCC_WARN_UNDECLARED_SELECTOR = YES;
				GCC_WARN_UNINITIALIZED_AUTOS = YES_AGGRESSIVE;
				GCC_WARN_UNUSED_FUNCTION = YES;
				GCC_WARN_UNUSED_VARIABLE = YES;
				LOCALIZATION_PREFERS_STRING_CATALOGS = YES;
				MACOSX_DEPLOYMENT_TARGET = 15.5;
				MTL_ENABLE_DEBUG_INFO = INCLUDE_SOURCE;
				MTL_FAST_MATH = YES;
				ONLY_ACTIVE_ARCH = YES;
				SDKROOT = macosx;
				SWIFT_ACTIVE_COMPILATION_CONDITIONS = "DEBUG $(inherited)";
				SWIFT_OPTIMIZATION_LEVEL = "-Onone";
			};
			name = Debug;
		};
		A9DEB5F82E741B8F0024A4A4 /* Release */ = {
			isa = XCBuildConfiguration;
			buildSettings = {
				ALWAYS_SEARCH_USER_PATHS = NO;
				ASSETCATALOG_COMPILER_GENERATE_SWIFT_ASSET_SYMBOL_EXTENSIONS = YES;
				CLANG_ANALYZER_NONNULL = YES;
				CLANG_ANALYZER_NUMBER_OBJECT_CONVERSION = YES_AGGRESSIVE;
				CLANG_CXX_LANGUAGE_STANDARD = "gnu++20";
				CLANG_ENABLE_MODULES = YES;
				CLANG_ENABLE_OBJC_ARC = YES;
				CLANG_ENABLE_OBJC_WEAK = YES;
				CLANG_WARN_BLOCK_CAPTURE_AUTORELEASING = YES;
				CLANG_WARN_BOOL_CONVERSION = YES;
				CLANG_WARN_COMMA = YES;
				CLANG_WARN_CONSTANT_CONVERSION = YES;
				CLANG_WARN_DEPRECATED_OBJC_IMPLEMENTATIONS = YES;
				CLANG_WARN_DIRECT_OBJC_ISA_USAGE = YES_ERROR;
				CLANG_WARN_DOCUMENTATION_COMMENTS = YES;
				CLANG_WARN_EMPTY_BODY = YES;
				CLANG_WARN_ENUM_CONVERSION = YES;
				CLANG_WARN_INFINITE_RECURSION = YES;
				CLANG_WARN_INT_CONVERSION = YES;
				CLANG_WARN_NON_LITERAL_NULL_CONVERSION = YES;
				CLANG_WARN_OBJC_IMPLICIT_RETAIN_SELF = YES;
				CLANG_WARN_OBJC_LITERAL_CONVERSION = YES;
				CLANG_WARN_OBJC_ROOT_CLASS = YES_ERROR;
				CLANG_WARN_QUOTED_INCLUDE_IN_FRAMEWORK_HEADER = YES;
				CLANG_WARN_RANGE_LOOP_ANALYSIS = YES;
				CLANG_WARN_STRICT_PROTOTYPES = YES;
				CLANG_WARN_SUSPICIOUS_MOVE = YES;
				CLANG_WARN_UNGUARDED_AVAILABILITY = YES_AGGRESSIVE;
				CLANG_WARN_UNREACHABLE_CODE = YES;
				CLANG_WARN__DUPLICATE_METHOD_MATCH = YES;
				COPY_PHASE_STRIP = NO;
				DEBUG_INFORMATION_FORMAT = "dwarf-with-dsym";
				DEVELOPMENT_TEAM = U64PBHL7K6;
				ENABLE_NS_ASSERTIONS = NO;
				ENABLE_STRICT_OBJC_MSGSEND = YES;
				ENABLE_USER_SCRIPT_SANDBOXING = YES;
				GCC_C_LANGUAGE_STANDARD = gnu17;
				GCC_NO_COMMON_BLOCKS = YES;
				GCC_WARN_64_TO_32_BIT_CONVERSION = YES;
				GCC_WARN_ABOUT_RETURN_TYPE = YES_ERROR;
				GCC_WARN_UNDECLARED_SELECTOR = YES;
				GCC_WARN_UNINITIALIZED_AUTOS = YES_AGGRESSIVE;
				GCC_WARN_UNUSED_FUNCTION = YES;
				GCC_WARN_UNUSED_VARIABLE = YES;
				LOCALIZATION_PREFERS_STRING_CATALOGS = YES;
				MACOSX_DEPLOYMENT_TARGET = 15.5;
				MTL_ENABLE_DEBUG_INFO = NO;
				MTL_FAST_MATH = YES;
				SDKROOT = macosx;
				SWIFT_COMPILATION_MODE = wholemodule;
			};
			name = Release;
		};
		A9DEB5FA2E741B8F0024A4A4 /* Debug */ = {
			isa = XCBuildConfiguration;
			buildSettings = {
				ASSETCATALOG_COMPILER_APPICON_NAME = AppIcon;
				ASSETCATALOG_COMPILER_GLOBAL_ACCENT_COLOR_NAME = AccentColor;
				CODE_SIGN_ENTITLEMENTS = ModelDraw/ModelDraw.entitlements;
				CODE_SIGN_STYLE = Automatic;
				COMBINE_HIDPI_IMAGES = YES;
				CURRENT_PROJECT_VERSION = 1;
				DEVELOPMENT_TEAM = U64PBHL7K6;
				ENABLE_HARDENED_RUNTIME = YES;
				ENABLE_PREVIEWS = YES;
				GENERATE_INFOPLIST_FILE = YES;
				INFOPLIST_KEY_NSHumanReadableCopyright = "";
				LD_RUNPATH_SEARCH_PATHS = (
					"$(inherited)",
					"@executable_path/../Frameworks",
				);
				MARKETING_VERSION = 1.0;
				PRODUCT_BUNDLE_IDENTIFIER = com.TerraTrace.ModelDraw;
				PRODUCT_NAME = "$(TARGET_NAME)";
				REGISTER_APP_GROUPS = YES;
				SWIFT_EMIT_LOC_STRINGS = YES;
				SWIFT_VERSION = 5.0;
			};
			name = Debug;
		};
		A9DEB5FB2E741B8F0024A4A4 /* Release */ = {
			isa = XCBuildConfiguration;
			buildSettings = {
				ASSETCATALOG_COMPILER_APPICON_NAME = AppIcon;
				ASSETCATALOG_COMPILER_GLOBAL_ACCENT_COLOR_NAME = AccentColor;
				CODE_SIGN_ENTITLEMENTS = ModelDraw/ModelDraw.entitlements;
				CODE_SIGN_STYLE = Automatic;
				COMBINE_HIDPI_IMAGES = YES;
				CURRENT_PROJECT_VERSION = 1;
				DEVELOPMENT_TEAM = U64PBHL7K6;
				ENABLE_HARDENED_RUNTIME = YES;
				ENABLE_PREVIEWS = YES;
				GENERATE_INFOPLIST_FILE = YES;
				INFOPLIST_KEY_NSHumanReadableCopyright = "";
				LD_RUNPATH_SEARCH_PATHS = (
					"$(inherited)",
					"@executable_path/../Frameworks",
				);
				MARKETING_VERSION = 1.0;
				PRODUCT_BUNDLE_IDENTIFIER = com.TerraTrace.ModelDraw;
				PRODUCT_NAME = "$(TARGET_NAME)";
				REGISTER_APP_GROUPS = YES;
				SWIFT_EMIT_LOC_STRINGS = YES;
				SWIFT_VERSION = 5.0;
			};
			name = Release;
		};
/* End XCBuildConfiguration section */

/* Begin XCConfigurationList section */
		A9DEB5E82E741B8D0024A4A4 /* Build configuration list for PBXProject "ModelDraw" */ = {
			isa = XCConfigurationList;
			buildConfigurations = (
				A9DEB5F72E741B8F0024A4A4 /* Debug */,
				A9DEB5F82E741B8F0024A4A4 /* Release */,
			);
			defaultConfigurationIsVisible = 0;
			defaultConfigurationName = Release;
		};
		A9DEB5F92E741B8F0024A4A4 /* Build configuration list for PBXNativeTarget "ModelDraw" */ = {
			isa = XCConfigurationList;
			buildConfigurations = (
				A9DEB5FA2E741B8F0024A4A4 /* Debug */,
				A9DEB5FB2E741B8F0024A4A4 /* Release */,
			);
			defaultConfigurationIsVisible = 0;
			defaultConfigurationName = Release;
		};
/* End XCConfigurationList section */
	};
	rootObject = A9DEB5E52E741B8D0024A4A4 /* Project object */;
}
