// !$*UTF8*$!
{
	archiveVersion = 1;
	classes = {
	};
	objectVersion = 77;
	objects = {

/* Begin PBXBuildFile section */
		A93192162E79C8E300025A3D /* usd_file_manager_spec_v1.2.md in Resources */ = {isa = PBXBuildFile; fileRef = A93192152E79C8E300025A3D /* usd_file_manager_spec_v1.2.md */; };
		A93192192E79D32F00025A3D /* USDContentGenerator.swift in Sources */ = {isa = PBXBuildFile; fileRef = A93192182E79D32D00025A3D /* USDContentGenerator.swift */; };
		A9486F6C2E75997E00FEBE31 /* ModelDrawDocument.swift in Sources */ = {isa = PBXBuildFile; fileRef = A9486F6B2E75997B00FEBE31 /* ModelDrawDocument.swift */; };
		A96A5AE62E78A85100329151 /* Quaternion.swift in Sources */ = {isa = PBXBuildFile; fileRef = A96A5AE52E78A85100329151 /* Quaternion.swift */; };
		A96A5AE72E78A85100329151 /* Vector3d.swift in Sources */ = {isa = PBXBuildFile; fileRef = A96A5AE42E78A85100329151 /* Vector3d.swift */; };
		A96A5AEB2E78ACC300329151 /* modeldraw_dev_spec_v018.md in Resources */ = {isa = PBXBuildFile; fileRef = A96A5AEA2E78ACC300329151 /* modeldraw_dev_spec_v018.md */; };
		A96A5AEE2E78ADDC00329151 /* USDCoreTypes.swift in Sources */ = {isa = PBXBuildFile; fileRef = A96A5AED2E78ADCC00329151 /* USDCoreTypes.swift */; };
		A96A5AF02E78AE1100329151 /* USDFileManager.swift in Sources */ = {isa = PBXBuildFile; fileRef = A96A5AEF2E78AE0F00329151 /* USDFileManager.swift */; };
		A96A5AF22E78AE9100329151 /* USDFileManagerTests.swift in Sources */ = {isa = PBXBuildFile; fileRef = A96A5AF12E78AE8C00329151 /* USDFileManagerTests.swift */; };
		A97FE4CB2E75DB5900540DEE /* PrimitiveType.swift in Sources */ = {isa = PBXBuildFile; fileRef = A97FE4CA2E75DB5800540DEE /* PrimitiveType.swift */; };
		A97FE4CD2E75DBED00540DEE /* Cone.swift in Sources */ = {isa = PBXBuildFile; fileRef = A97FE4CC2E75DBEB00540DEE /* Cone.swift */; };
		A97FE4CF2E75DDA300540DEE /* Assembly.swift in Sources */ = {isa = PBXBuildFile; fileRef = A97FE4CE2E75DDA100540DEE /* Assembly.swift */; };
		A97FE4D22E76EBFA00540DEE /* LeftPaletteView.swift in Sources */ = {isa = PBXBuildFile; fileRef = A97FE4D12E76EBF900540DEE /* LeftPaletteView.swift */; };
		A97FE4D42E76EC3D00540DEE /* CenterRealityView.swift in Sources */ = {isa = PBXBuildFile; fileRef = A97FE4D32E76EC3C00540DEE /* CenterRealityView.swift */; };
		A97FE4D62E76EC8800540DEE /* RightPaletteView.swift in Sources */ = {isa = PBXBuildFile; fileRef = A97FE4D52E76EC8600540DEE /* RightPaletteView.swift */; };
		A97FE4D82E76F03000540DEE /* NavigatorRowView.swift in Sources */ = {isa = PBXBuildFile; fileRef = A97FE4D72E76F02F00540DEE /* NavigatorRowView.swift */; };
		A97FE4E22E77557600540DEE /* DrawingManager.swift in Sources */ = {isa = PBXBuildFile; fileRef = A97FE4E12E77557000540DEE /* DrawingManager.swift */; };
		A97FE4E62E78116000540DEE /* SelectedItem.swift in Sources */ = {isa = PBXBuildFile; fileRef = A97FE4E52E78115E00540DEE /* SelectedItem.swift */; };
		A97FE4E82E782F5200540DEE /* NavigatorItem.swift in Sources */ = {isa = PBXBuildFile; fileRef = A97FE4E72E782F5000540DEE /* NavigatorItem.swift */; };
		A9DEB6012E741D090024A4A4 /* Assets.xcassets in Resources */ = {isa = PBXBuildFile; fileRef = A9DEB5FC2E741D090024A4A4 /* Assets.xcassets */; };
		A9DEB6022E741D090024A4A4 /* ContentView.swift in Sources */ = {isa = PBXBuildFile; fileRef = A9DEB5FD2E741D090024A4A4 /* ContentView.swift */; };
		A9DEB6032E741D090024A4A4 /* ModelDrawApp.swift in Sources */ = {isa = PBXBuildFile; fileRef = A9DEB5FF2E741D090024A4A4 /* ModelDrawApp.swift */; };
		A9DEB6052E741D2B0024A4A4 /* ViewModel.swift in Sources */ = {isa = PBXBuildFile; fileRef = A9DEB6042E741D1D0024A4A4 /* ViewModel.swift */; };
		A9DEB60C2E747AA60024A4A4 /* Cylinder.swift in Sources */ = {isa = PBXBuildFile; fileRef = A9DEB60B2E747A950024A4A4 /* Cylinder.swift */; };
/* End PBXBuildFile section */

/* Begin PBXFileReference section */
		A93192152E79C8E300025A3D /* usd_file_manager_spec_v1.2.md */ = {isa = PBXFileReference; lastKnownFileType = net.daringfireball.markdown; path = usd_file_manager_spec_v1.2.md; sourceTree = "<group>"; };
		A93192182E79D32D00025A3D /* USDContentGenerator.swift */ = {isa = PBXFileReference; lastKnownFileType = sourcecode.swift; path = USDContentGenerator.swift; sourceTree = "<group>"; };
		A9486F6B2E75997B00FEBE31 /* ModelDrawDocument.swift */ = {isa = PBXFileReference; lastKnownFileType = sourcecode.swift; path = ModelDrawDocument.swift; sourceTree = "<group>"; };
		A96A5AE42E78A85100329151 /* Vector3d.swift */ = {isa = PBXFileReference; lastKnownFileType = sourcecode.swift; path = Vector3d.swift; sourceTree = "<group>"; };
		A96A5AE52E78A85100329151 /* Quaternion.swift */ = {isa = PBXFileReference; lastKnownFileType = sourcecode.swift; path = Quaternion.swift; sourceTree = "<group>"; };
		A96A5AEA2E78ACC300329151 /* modeldraw_dev_spec_v018.md */ = {isa = PBXFileReference; lastKnownFileType = net.daringfireball.markdown; path = modeldraw_dev_spec_v018.md; sourceTree = "<group>"; };
		A96A5AED2E78ADCC00329151 /* USDCoreTypes.swift */ = {isa = PBXFileReference; lastKnownFileType = sourcecode.swift; path = USDCoreTypes.swift; sourceTree = "<group>"; };
		A96A5AEF2E78AE0F00329151 /* USDFileManager.swift */ = {isa = PBXFileReference; lastKnownFileType = sourcecode.swift; path = USDFileManager.swift; sourceTree = "<group>"; };
		A96A5AF12E78AE8C00329151 /* USDFileManagerTests.swift */ = {isa = PBXFileReference; lastKnownFileType = sourcecode.swift; path = USDFileManagerTests.swift; sourceTree = "<group>"; };
		A97FE4CA2E75DB5800540DEE /* PrimitiveType.swift */ = {isa = PBXFileReference; lastKnownFileType = sourcecode.swift; path = PrimitiveType.swift; sourceTree = "<group>"; };
		A97FE4CC2E75DBEB00540DEE /* Cone.swift */ = {isa = PBXFileReference; lastKnownFileType = sourcecode.swift; path = Cone.swift; sourceTree = "<group>"; };
		A97FE4CE2E75DDA100540DEE /* Assembly.swift */ = {isa = PBXFileReference; lastKnownFileType = sourcecode.swift; path = Assembly.swift; sourceTree = "<group>"; };
		A97FE4D12E76EBF900540DEE /* LeftPaletteView.swift */ = {isa = PBXFileReference; lastKnownFileType = sourcecode.swift; path = LeftPaletteView.swift; sourceTree = "<group>"; };
		A97FE4D32E76EC3C00540DEE /* CenterRealityView.swift */ = {isa = PBXFileReference; lastKnownFileType = sourcecode.swift; path = CenterRealityView.swift; sourceTree = "<group>"; };
		A97FE4D52E76EC8600540DEE /* RightPaletteView.swift */ = {isa = PBXFileReference; lastKnownFileType = sourcecode.swift; path = RightPaletteView.swift; sourceTree = "<group>"; };
		A97FE4D72E76F02F00540DEE /* NavigatorRowView.swift */ = {isa = PBXFileReference; lastKnownFileType = sourcecode.swift; path = NavigatorRowView.swift; sourceTree = "<group>"; };
		A97FE4E12E77557000540DEE /* DrawingManager.swift */ = {isa = PBXFileReference; lastKnownFileType = sourcecode.swift; path = DrawingManager.swift; sourceTree = "<group>"; };
		A97FE4E52E78115E00540DEE /* SelectedItem.swift */ = {isa = PBXFileReference; lastKnownFileType = sourcecode.swift; path = SelectedItem.swift; sourceTree = "<group>"; };
		A97FE4E72E782F5000540DEE /* NavigatorItem.swift */ = {isa = PBXFileReference; lastKnownFileType = sourcecode.swift; path = NavigatorItem.swift; sourceTree = "<group>"; };
		A9DA0FAF2E74C8E800E3B264 /* Info.plist */ = {isa = PBXFileReference; lastKnownFileType = text.plist; path = Info.plist; sourceTree = "<group>"; };
		A9DEB5ED2E741B8D0024A4A4 /* ModelDraw.app */ = {isa = PBXFileReference; explicitFileType = wrapper.application; includeInIndex = 0; path = ModelDraw.app; sourceTree = BUILT_PRODUCTS_DIR; };
		A9DEB5FC2E741D090024A4A4 /* Assets.xcassets */ = {isa = PBXFileReference; lastKnownFileType = folder.assetcatalog; path = Assets.xcassets; sourceTree = "<group>"; };
		A9DEB5FD2E741D090024A4A4 /* ContentView.swift */ = {isa = PBXFileReference; lastKnownFileType = sourcecode.swift; path = ContentView.swift; sourceTree = "<group>"; };
		A9DEB5FE2E741D090024A4A4 /* ModelDraw.entitlements */ = {isa = PBXFileReference; lastKnownFileType = text.plist.entitlements; path = ModelDraw.entitlements; sourceTree = "<group>"; };
		A9DEB5FF2E741D090024A4A4 /* ModelDrawApp.swift */ = {isa = PBXFileReference; lastKnownFileType = sourcecode.swift; path = ModelDrawApp.swift; sourceTree = "<group>"; };
		A9DEB6042E741D1D0024A4A4 /* ViewModel.swift */ = {isa = PBXFileReference; lastKnownFileType = sourcecode.swift; path = ViewModel.swift; sourceTree = "<group>"; };
		A9DEB60B2E747A950024A4A4 /* Cylinder.swift */ = {isa = PBXFileReference; lastKnownFileType = sourcecode.swift; path = Cylinder.swift; sourceTree = "<group>"; };
/* End PBXFileReference section */

/* Begin PBXFrameworksBuildPhase section */
		A9DEB5EA2E741B8D0024A4A4 /* Frameworks */ = {
			isa = PBXFrameworksBuildPhase;
			buildActionMask = 2147483647;
			files = (
			);
			runOnlyForDeploymentPostprocessing = 0;
		};
/* End PBXFrameworksBuildPhase section */

/* Begin PBXGroup section */
		A93192172E79D31500025A3D /* USD File Management */ = {
			isa = PBXGroup;
			children = (
				A96A5AEF2E78AE0F00329151 /* USDFileManager.swift */,
				A93192182E79D32D00025A3D /* USDContentGenerator.swift */,
			);
			path = "USD File Management";
			sourceTree = "<group>";
		};
		A9486F6D2E75998700FEBE31 /* App Models */ = {
			isa = PBXGroup;
			children = (
				A96A5AEC2E78AD5800329151 /* USD Type Models */,
				A9DEB6042E741D1D0024A4A4 /* ViewModel.swift */,
				A9486F6B2E75997B00FEBE31 /* ModelDrawDocument.swift */,
				A97FE4E72E782F5000540DEE /* NavigatorItem.swift */,
				A97FE4E52E78115E00540DEE /* SelectedItem.swift */,
				A96A5AE42E78A85100329151 /* Vector3d.swift */,
				A96A5AE52E78A85100329151 /* Quaternion.swift */,
			);
			path = "App Models";
			sourceTree = "<group>";
		};
		A96A5AEC2E78AD5800329151 /* USD Type Models */ = {
			isa = PBXGroup;
			children = (
				A96A5AED2E78ADCC00329151 /* USDCoreTypes.swift */,
			);
			path = "USD Type Models";
			sourceTree = "<group>";
		};
		A97FE4D02E75DE8500540DEE /* Views */ = {
			isa = PBXGroup;
			children = (
				A9DEB5FD2E741D090024A4A4 /* ContentView.swift */,
				A97FE4D92E76F03E00540DEE /* LeftPanel */,
				A97FE4DB2E76F06F00540DEE /* CenterPanel */,
				A97FE4DA2E76F05A00540DEE /* RightPanel */,
			);
			path = Views;
			sourceTree = "<group>";
		};
		A97FE4D92E76F03E00540DEE /* LeftPanel */ = {
			isa = PBXGroup;
			children = (
				A97FE4D12E76EBF900540DEE /* LeftPaletteView.swift */,
				A97FE4D72E76F02F00540DEE /* NavigatorRowView.swift */,
			);
			path = LeftPanel;
			sourceTree = "<group>";
		};
		A97FE4DA2E76F05A00540DEE /* RightPanel */ = {
			isa = PBXGroup;
			children = (
				A97FE4D52E76EC8600540DEE /* RightPaletteView.swift */,
			);
			path = RightPanel;
			sourceTree = "<group>";
		};
		A97FE4DB2E76F06F00540DEE /* CenterPanel */ = {
			isa = PBXGroup;
			children = (
				A97FE4D32E76EC3C00540DEE /* CenterRealityView.swift */,
			);
			path = CenterPanel;
			sourceTree = "<group>";
		};
		A97FE4DC2E77497E00540DEE /* App Controllers */ = {
			isa = PBXGroup;
			children = (
				A97FE4E12E77557000540DEE /* DrawingManager.swift */,
				A93192172E79D31500025A3D /* USD File Management */,
				A96A5AF12E78AE8C00329151 /* USDFileManagerTests.swift */,
			);
			path = "App Controllers";
			sourceTree = "<group>";
		};
		A9DEB5E42E741B8D0024A4A4 = {
			isa = PBXGroup;
			children = (
				A9DEB6002E741D090024A4A4 /* ModelDraw */,
				A9DEB5EE2E741B8D0024A4A4 /* Products */,
			);
			sourceTree = "<group>";
		};
		A9DEB5EE2E741B8D0024A4A4 /* Products */ = {
			isa = PBXGroup;
			children = (
				A9DEB5ED2E741B8D0024A4A4 /* ModelDraw.app */,
			);
			name = Products;
			sourceTree = "<group>";
		};
		A9DEB6002E741D090024A4A4 /* ModelDraw */ = {
			isa = PBXGroup;
			children = (
				A9DA0FAF2E74C8E800E3B264 /* Info.plist */,
				A9DEB5FF2E741D090024A4A4 /* ModelDrawApp.swift */,
				A9DEB6062E741D300024A4A4 /* Specs */,
				A97FE4DC2E77497E00540DEE /* App Controllers */,
				A9486F6D2E75998700FEBE31 /* App Models */,
				A9DEB60D2E747AB00024A4A4 /* Drawing Primitives */,
				A97FE4D02E75DE8500540DEE /* Views */,
				A9DEB5FC2E741D090024A4A4 /* Assets.xcassets */,
				A9DEB5FE2E741D090024A4A4 /* ModelDraw.entitlements */,
			);
			path = ModelDraw;
			sourceTree = "<group>";
		};
		A9DEB6062E741D300024A4A4 /* Specs */ = {
			isa = PBXGroup;
			children = (
				A96A5AEA2E78ACC300329151 /* modeldraw_dev_spec_v018.md */,
				A93192152E79C8E300025A3D /* usd_file_manager_spec_v1.2.md */,
			);
			path = Specs;
			sourceTree = "<group>";
		};
		A9DEB60D2E747AB00024A4A4 /* Drawing Primitives */ = {
			isa = PBXGroup;
			children = (
				A97FE4CE2E75DDA100540DEE /* Assembly.swift */,
				A97FE4CA2E75DB5800540DEE /* PrimitiveType.swift */,
				A9DEB60B2E747A950024A4A4 /* Cylinder.swift */,
				A97FE4CC2E75DBEB00540DEE /* Cone.swift */,
			);
			path = "Drawing Primitives";
			sourceTree = "<group>";
		};
/* End PBXGroup section */

/* Begin PBXNativeTarget section */
		A9DEB5EC2E741B8D0024A4A4 /* ModelDraw */ = {
			isa = PBXNativeTarget;
			buildConfigurationList = A9DEB5F92E741B8F0024A4A4 /* Build configuration list for PBXNativeTarget "ModelDraw" */;
			buildPhases = (
				A9DEB5E92E741B8D0024A4A4 /* Sources */,
				A9DEB5EA2E741B8D0024A4A4 /* Frameworks */,
				A9DEB5EB2E741B8D0024A4A4 /* Resources */,
			);
			buildRules = (
			);
			dependencies = (
			);
			name = ModelDraw;
			packageProductDependencies = (
			);
			productName = ModelDraw;
			productReference = A9DEB5ED2E741B8D0024A4A4 /* ModelDraw.app */;
			productType = "com.apple.product-type.application";
		};
/* End PBXNativeTarget section */

/* Begin PBXProject section */
		A9DEB5E52E741B8D0024A4A4 /* Project object */ = {
			isa = PBXProject;
			attributes = {
				BuildIndependentTargetsInParallel = 1;
				LastSwiftUpdateCheck = 1640;
				LastUpgradeCheck = 1640;
				TargetAttributes = {
					A9DEB5EC2E741B8D0024A4A4 = {
						CreatedOnToolsVersion = 16.4;
					};
				};
			};
			buildConfigurationList = A9DEB5E82E741B8D0024A4A4 /* Build configuration list for PBXProject "ModelDraw" */;
			developmentRegion = en;
			hasScannedForEncodings = 0;
			knownRegions = (
				en,
				Base,
			);
			mainGroup = A9DEB5E42E741B8D0024A4A4;
			minimizedProjectReferenceProxies = 1;
			preferredProjectObjectVersion = 77;
			productRefGroup = A9DEB5EE2E741B8D0024A4A4 /* Products */;
			projectDirPath = "";
			projectRoot = "";
			targets = (
				A9DEB5EC2E741B8D0024A4A4 /* ModelDraw */,
			);
		};
/* End PBXProject section */

/* Begin PBXResourcesBuildPhase section */
		A9DEB5EB2E741B8D0024A4A4 /* Resources */ = {
			isa = PBXResourcesBuildPhase;
			buildActionMask = 2147483647;
			files = (
				A93192162E79C8E300025A3D /* usd_file_manager_spec_v1.2.md in Resources */,
				A96A5AEB2E78ACC300329151 /* modeldraw_dev_spec_v018.md in Resources */,
				A9DEB6012E741D090024A4A4 /* Assets.xcassets in Resources */,
			);
			runOnlyForDeploymentPostprocessing = 0;
		};
/* End PBXResourcesBuildPhase section */

/* Begin PBXSourcesBuildPhase section */
		A9DEB5E92E741B8D0024A4A4 /* Sources */ = {
			isa = PBXSourcesBuildPhase;
			buildActionMask = 2147483647;
			files = (
				A97FE4CD2E75DBED00540DEE /* Cone.swift in Sources */,
				A97FE4CF2E75DDA300540DEE /* Assembly.swift in Sources */,
				A97FE4D22E76EBFA00540DEE /* LeftPaletteView.swift in Sources */,
				A9DEB6052E741D2B0024A4A4 /* ViewModel.swift in Sources */,
				A96A5AE62E78A85100329151 /* Quaternion.swift in Sources */,
				A96A5AE72E78A85100329151 /* Vector3d.swift in Sources */,
				A97FE4E82E782F5200540DEE /* NavigatorItem.swift in Sources */,
				A97FE4CB2E75DB5900540DEE /* PrimitiveType.swift in Sources */,
				A97FE4D62E76EC8800540DEE /* RightPaletteView.swift in Sources */,
				A9DEB6022E741D090024A4A4 /* ContentView.swift in Sources */,
				A97FE4E62E78116000540DEE /* SelectedItem.swift in Sources */,
				A97FE4D42E76EC3D00540DEE /* CenterRealityView.swift in Sources */,
				A96A5AF02E78AE1100329151 /* USDFileManager.swift in Sources */,
				A9DEB6032E741D090024A4A4 /* ModelDrawApp.swift in Sources */,
				A96A5AF22E78AE9100329151 /* USDFileManagerTests.swift in Sources */,
				A9DEB60C2E747AA60024A4A4 /* Cylinder.swift in Sources */,
				A93192192E79D32F00025A3D /* USDContentGenerator.swift in Sources */,
				A9486F6C2E75997E00FEBE31 /* ModelDrawDocument.swift in Sources */,
				A97FE4E22E77557600540DEE /* DrawingManager.swift in Sources */,
				A97FE4D82E76F03000540DEE /* NavigatorRowView.swift in Sources */,
				A96A5AEE2E78ADDC00329151 /* USDCoreTypes.swift in Sources */,
			);
			runOnlyForDeploymentPostprocessing = 0;
		};
/* End PBXSourcesBuildPhase section */

/* Begin XCBuildConfiguration section */
		A9DEB5F72E741B8F0024A4A4 /* Debug */ = {
			isa = XCBuildConfiguration;
			buildSettings = {
				ALWAYS_SEARCH_USER_PATHS = NO;
				ASSETCATALOG_COMPILER_GENERATE_SWIFT_ASSET_SYMBOL_EXTENSIONS = YES;
				CLANG_ANALYZER_NONNULL = YES;
				CLANG_ANALYZER_NUMBER_OBJECT_CONVERSION = YES_AGGRESSIVE;
				CLANG_CXX_LANGUAGE_STANDARD = "gnu++20";
				CLANG_ENABLE_MODULES = YES;
				CLANG_ENABLE_OBJC_ARC = YES;
				CLANG_ENABLE_OBJC_WEAK = YES;
				CLANG_WARN_BLOCK_CAPTURE_AUTORELEASING = YES;
				CLANG_WARN_BOOL_CONVERSION = YES;
				CLANG_WARN_COMMA = YES;
				CLANG_WARN_CONSTANT_CONVERSION = YES;
				CLANG_WARN_DEPRECATED_OBJC_IMPLEMENTATIONS = YES;
				CLANG_WARN_DIRECT_OBJC_ISA_USAGE = YES_ERROR;
				CLANG_WARN_DOCUMENTATION_COMMENTS = YES;
				CLANG_WARN_EMPTY_BODY = YES;
				CLANG_WARN_ENUM_CONVERSION = YES;
				CLANG_WARN_INFINITE_RECURSION = YES;
				CLANG_WARN_INT_CONVERSION = YES;
				CLANG_WARN_NON_LITERAL_NULL_CONVERSION = YES;
				CLANG_WARN_OBJC_IMPLICIT_RETAIN_SELF = YES;
				CLANG_WARN_OBJC_LITERAL_CONVERSION = YES;
				CLANG_WARN_OBJC_ROOT_CLASS = YES_ERROR;
				CLANG_WARN_QUOTED_INCLUDE_IN_FRAMEWORK_HEADER = YES;
				CLANG_WARN_RANGE_LOOP_ANALYSIS = YES;
				CLANG_WARN_STRICT_PROTOTYPES = YES;
				CLANG_WARN_SUSPICIOUS_MOVE = YES;
				CLANG_WARN_UNGUARDED_AVAILABILITY = YES_AGGRESSIVE;
				CLANG_WARN_UNREACHABLE_CODE = YES;
				CLANG_WARN__DUPLICATE_METHOD_MATCH = YES;
				COPY_PHASE_STRIP = NO;
				DEBUG_INFORMATION_FORMAT = dwarf;
				DEVELOPMENT_TEAM = U64PBHL7K6;
				ENABLE_STRICT_OBJC_MSGSEND = YES;
				ENABLE_TESTABILITY = YES;
				ENABLE_USER_SCRIPT_SANDBOXING = YES;
				GCC_C_LANGUAGE_STANDARD = gnu17;
				GCC_DYNAMIC_NO_PIC = NO;
				GCC_NO_COMMON_BLOCKS = YES;
				GCC_OPTIMIZATION_LEVEL = 0;
				GCC_PREPROCESSOR_DEFINITIONS = (
					"DEBUG=1",
					"$(inherited)",
				);
				GCC_WARN_64_TO_32_BIT_CONVERSION = YES;
				GCC_WARN_ABOUT_RETURN_TYPE = YES_ERROR;
				GCC_WARN_UNDECLARED_SELECTOR = YES;
				GCC_WARN_UNINITIALIZED_AUTOS = YES_AGGRESSIVE;
				GCC_WARN_UNUSED_FUNCTION = YES;
				GCC_WARN_UNUSED_VARIABLE = YES;
				LOCALIZATION_PREFERS_STRING_CATALOGS = YES;
				MACOSX_DEPLOYMENT_TARGET = 15.5;
				MTL_ENABLE_DEBUG_INFO = INCLUDE_SOURCE;
				MTL_FAST_MATH = YES;
				ONLY_ACTIVE_ARCH = YES;
				SDKROOT = macosx;
				SWIFT_ACTIVE_COMPILATION_CONDITIONS = "DEBUG $(inherited)";
				SWIFT_OPTIMIZATION_LEVEL = "-Onone";
			};
			name = Debug;
		};
		A9DEB5F82E741B8F0024A4A4 /* Release */ = {
			isa = XCBuildConfiguration;
			buildSettings = {
				ALWAYS_SEARCH_USER_PATHS = NO;
				ASSETCATALOG_COMPILER_GENERATE_SWIFT_ASSET_SYMBOL_EXTENSIONS = YES;
				CLANG_ANALYZER_NONNULL = YES;
				CLANG_ANALYZER_NUMBER_OBJECT_CONVERSION = YES_AGGRESSIVE;
				CLANG_CXX_LANGUAGE_STANDARD = "gnu++20";
				CLANG_ENABLE_MODULES = YES;
				CLANG_ENABLE_OBJC_ARC = YES;
				CLANG_ENABLE_OBJC_WEAK = YES;
				CLANG_WARN_BLOCK_CAPTURE_AUTORELEASING = YES;
				CLANG_WARN_BOOL_CONVERSION = YES;
				CLANG_WARN_COMMA = YES;
				CLANG_WARN_CONSTANT_CONVERSION = YES;
				CLANG_WARN_DEPRECATED_OBJC_IMPLEMENTATIONS = YES;
				CLANG_WARN_DIRECT_OBJC_ISA_USAGE = YES_ERROR;
				CLANG_WARN_DOCUMENTATION_COMMENTS = YES;
				CLANG_WARN_EMPTY_BODY = YES;
				CLANG_WARN_ENUM_CONVERSION = YES;
				CLANG_WARN_INFINITE_RECURSION = YES;
				CLANG_WARN_INT_CONVERSION = YES;
				CLANG_WARN_NON_LITERAL_NULL_CONVERSION = YES;
				CLANG_WARN_OBJC_IMPLICIT_RETAIN_SELF = YES;
				CLANG_WARN_OBJC_LITERAL_CONVERSION = YES;
				CLANG_WARN_OBJC_ROOT_CLASS = YES_ERROR;
				CLANG_WARN_QUOTED_INCLUDE_IN_FRAMEWORK_HEADER = YES;
				CLANG_WARN_RANGE_LOOP_ANALYSIS = YES;
				CLANG_WARN_STRICT_PROTOTYPES = YES;
				CLANG_WARN_SUSPICIOUS_MOVE = YES;
				CLANG_WARN_UNGUARDED_AVAILABILITY = YES_AGGRESSIVE;
				CLANG_WARN_UNREACHABLE_CODE = YES;
				CLANG_WARN__DUPLICATE_METHOD_MATCH = YES;
				COPY_PHASE_STRIP = NO;
				DEBUG_INFORMATION_FORMAT = "dwarf-with-dsym";
				DEVELOPMENT_TEAM = U64PBHL7K6;
				ENABLE_NS_ASSERTIONS = NO;
				ENABLE_STRICT_OBJC_MSGSEND = YES;
				ENABLE_USER_SCRIPT_SANDBOXING = YES;
				GCC_C_LANGUAGE_STANDARD = gnu17;
				GCC_NO_COMMON_BLOCKS = YES;
				GCC_WARN_64_TO_32_BIT_CONVERSION = YES;
				GCC_WARN_ABOUT_RETURN_TYPE = YES_ERROR;
				GCC_WARN_UNDECLARED_SELECTOR = YES;
				GCC_WARN_UNINITIALIZED_AUTOS = YES_AGGRESSIVE;
				GCC_WARN_UNUSED_FUNCTION = YES;
				GCC_WARN_UNUSED_VARIABLE = YES;
				LOCALIZATION_PREFERS_STRING_CATALOGS = YES;
				MACOSX_DEPLOYMENT_TARGET = 15.5;
				MTL_ENABLE_DEBUG_INFO = NO;
				MTL_FAST_MATH = YES;
				SDKROOT = macosx;
				SWIFT_COMPILATION_MODE = wholemodule;
			};
			name = Release;
		};
		A9DEB5FA2E741B8F0024A4A4 /* Debug */ = {
			isa = XCBuildConfiguration;
			buildSettings = {
				ASSETCATALOG_COMPILER_APPICON_NAME = AppIcon;
				ASSETCATALOG_COMPILER_GLOBAL_ACCENT_COLOR_NAME = AccentColor;
				CODE_SIGN_ENTITLEMENTS = ModelDraw/ModelDraw.entitlements;
				CODE_SIGN_STYLE = Automatic;
				COMBINE_HIDPI_IMAGES = YES;
				CURRENT_PROJECT_VERSION = 1;
				DEVELOPMENT_TEAM = U64PBHL7K6;
				ENABLE_HARDENED_RUNTIME = YES;
				ENABLE_PREVIEWS = YES;
				GENERATE_INFOPLIST_FILE = YES;
				INFOPLIST_FILE = ModelDraw/Info.plist;
				INFOPLIST_KEY_NSHumanReadableCopyright = "";
				LD_RUNPATH_SEARCH_PATHS = (
					"$(inherited)",
					"@executable_path/../Frameworks",
				);
				MARKETING_VERSION = 1.0;
				PRODUCT_BUNDLE_IDENTIFIER = com.TerraTrace.ModelDraw;
				PRODUCT_NAME = "$(TARGET_NAME)";
				REGISTER_APP_GROUPS = YES;
				SWIFT_EMIT_LOC_STRINGS = YES;
				SWIFT_VERSION = 5.0;
			};
			name = Debug;
		};
		A9DEB5FB2E741B8F0024A4A4 /* Release */ = {
			isa = XCBuildConfiguration;
			buildSettings = {
				ASSETCATALOG_COMPILER_APPICON_NAME = AppIcon;
				ASSETCATALOG_COMPILER_GLOBAL_ACCENT_COLOR_NAME = AccentColor;
				CODE_SIGN_ENTITLEMENTS = ModelDraw/ModelDraw.entitlements;
				CODE_SIGN_STYLE = Automatic;
				COMBINE_HIDPI_IMAGES = YES;
				CURRENT_PROJECT_VERSION = 1;
				DEVELOPMENT_TEAM = U64PBHL7K6;
				ENABLE_HARDENED_RUNTIME = YES;
				ENABLE_PREVIEWS = YES;
				GENERATE_INFOPLIST_FILE = YES;
				INFOPLIST_FILE = ModelDraw/Info.plist;
				INFOPLIST_KEY_NSHumanReadableCopyright = "";
				LD_RUNPATH_SEARCH_PATHS = (
					"$(inherited)",
					"@executable_path/../Frameworks",
				);
				MARKETING_VERSION = 1.0;
				PRODUCT_BUNDLE_IDENTIFIER = com.TerraTrace.ModelDraw;
				PRODUCT_NAME = "$(TARGET_NAME)";
				REGISTER_APP_GROUPS = YES;
				SWIFT_EMIT_LOC_STRINGS = YES;
				SWIFT_VERSION = 5.0;
			};
			name = Release;
		};
/* End XCBuildConfiguration section */

/* Begin XCConfigurationList section */
		A9DEB5E82E741B8D0024A4A4 /* Build configuration list for PBXProject "ModelDraw" */ = {
			isa = XCConfigurationList;
			buildConfigurations = (
				A9DEB5F72E741B8F0024A4A4 /* Debug */,
				A9DEB5F82E741B8F0024A4A4 /* Release */,
			);
			defaultConfigurationIsVisible = 0;
			defaultConfigurationName = Release;
		};
		A9DEB5F92E741B8F0024A4A4 /* Build configuration list for PBXNativeTarget "ModelDraw" */ = {
			isa = XCConfigurationList;
			buildConfigurations = (
				A9DEB5FA2E741B8F0024A4A4 /* Debug */,
				A9DEB5FB2E741B8F0024A4A4 /* Release */,
			);
			defaultConfigurationIsVisible = 0;
			defaultConfigurationName = Release;
		};
/* End XCConfigurationList section */
	};
	rootObject = A9DEB5E52E741B8D0024A4A4 /* Project object */;
}
